{
  "version": 4,
  "terraform_version": "1.15.6",
  "serial": 38,
  "lineage": "e4eb77f2-511c-1fe7-9bfe-332db17fc566",
  "outputs": {},
  "resources": [
    {
      "mode": "data",
      "type": "aws_iam_role",
      "name": "lambda_exec_role",
      "provider": "provider[\"registry.terraform.io/hashicorp/aws\"]",
      "instances": [
        {
          "schema_version": 0,
          "attributes": {
            "arn": "arn:aws:iam::726101441380:role/AWS_Lambda_Raveen",
            "assume_role_policy": "{\"Version\":\"2012-10-17\",\"Statement\":[{\"Effect\":\"Allow\",\"Principal\":{\"Service\":\"lambda.amazonaws.com\"},\"Action\":\"sts:AssumeRole\"}]}",
            "create_date": "2026-06-30T06:04:30Z",
            "description": "Allows Lambda functions to call AWS services on your behalf.",
            "id": "AWS_Lambda_Raveen",
            "max_session_duration": 3600,
            "name": "AWS_Lambda_Raveen",
            "path": "/",
            "permissions_boundary": "",
            "role_last_used": [
              {
                "last_used_date": "2026-08-06T17:19:52Z",
                "region": "ap-southeast-1"
              }
            ],
            "tags": {
              "ApplicationService": "",
              "CostCentre": ""
            },
            "unique_id": "AROA2SDYEXNSACPUA6L37"
          },
          "sensitive_attributes": [],
          "identity_schema_version": 0
        }
      ]
    },
    {
      "mode": "data",
      "type": "aws_sns_topic",
      "name": "cloudwatch_alerts",
      "provider": "provider[\"registry.terraform.io/hashicorp/aws\"]",
      "instances": [
        {
          "schema_version": 0,
          "attributes": {
            "arn": "arn:aws:sns:ap-southeast-1:726101441380:lumina-cloudwatch-alerts",
            "id": "arn:aws:sns:ap-southeast-1:726101441380:lumina-cloudwatch-alerts",
            "name": "lumina-cloudwatch-alerts",
            "tags": {
              "ApplicationService": "",
              "CostCentre": ""
            }
          },
          "sensitive_attributes": [],
          "identity_schema_version": 0
        }
      ]
    },
    {
      "mode": "managed",
      "type": "aws_cloudwatch_dashboard",
      "name": "main",
      "provider": "provider[\"registry.terraform.io/hashicorp/aws\"]",
      "instances": [
        {
          "schema_version": 0,
          "attributes": {
            "dashboard_arn": "arn:aws:cloudwatch::726101441380:dashboard/Raveen-cloudwatch-dashboard",
            "dashboard_body": "{\"widgets\":[{\"height\":1,\"properties\":{\"markdown\":\"# 🛒 Ecommerce Platform Monitoring Dashboard\\nGlobal overview of microservices, API Gateway, and frontend metrics.\"},\"type\":\"text\",\"width\":24,\"x\":0,\"y\":0},{\"height\":6,\"properties\":{\"metrics\":[[\"AWS/ApiGateway\",\"Count\",\"ApiId\",\"jw0yvet0t5\",{\"stat\":\"Sum\"}],[\".\",\"4xx\",\".\",\".\",{\"color\":\"#d13212\",\"stat\":\"Sum\"}],[\".\",\"5xx\",\".\",\".\",{\"color\":\"#d13212\",\"stat\":\"Sum\"}]],\"region\":\"ap-southeast-1\",\"stacked\":false,\"title\":\"API Gateway: Requests \u0026 Errors\",\"view\":\"timeSeries\"},\"type\":\"metric\",\"width\":12,\"x\":0,\"y\":1},{\"height\":6,\"properties\":{\"metrics\":[[\"AWS/ApiGateway\",\"Latency\",\"ApiId\",\"jw0yvet0t5\",{\"stat\":\"Average\"}]],\"region\":\"ap-southeast-1\",\"stacked\":false,\"title\":\"API Gateway: Latency (ms)\",\"view\":\"timeSeries\"},\"type\":\"metric\",\"width\":12,\"x\":12,\"y\":1},{\"height\":6,\"properties\":{\"metrics\":[[\"AWS/Cognito\",\"SignInSuccesses\",\"UserPool\",\"ap-southeast-1_cPDXNClGu\",\"UserPoolClient\",\"kubkbo5ehb5850ej5a5g9ilqu\",{\"stat\":\"Sum\"}]],\"region\":\"ap-southeast-1\",\"stacked\":false,\"title\":\"Cognito: Successful Sign-Ins\",\"view\":\"timeSeries\"},\"type\":\"metric\",\"width\":12,\"x\":0,\"y\":7},{\"height\":6,\"properties\":{\"metrics\":[[\"AWS/CloudFront\",\"Requests\",\"Region\",\"Global\",{\"stat\":\"Sum\"}],[\".\",\"4xxErrorRate\",\".\",\".\",{\"color\":\"#d13212\",\"stat\":\"Average\"}],[\".\",\"5xxErrorRate\",\".\",\".\",{\"color\":\"#d13212\",\"stat\":\"Average\"}]],\"region\":\"us-east-1\",\"stacked\":false,\"title\":\"CloudFront: Global Traffic \u0026 Error Rates\",\"view\":\"timeSeries\"},\"type\":\"metric\",\"width\":12,\"x\":12,\"y\":7},{\"height\":6,\"properties\":{\"metrics\":[[\"AWS/SNS\",\"NumberOfMessagesPublished\",\"TopicName\",\"payment-topic-raveen\",{\"stat\":\"Sum\"}],[\".\",\"NumberOfNotificationsFailed\",\".\",\".\",{\"color\":\"#d13212\",\"stat\":\"Sum\"}]],\"region\":\"ap-southeast-1\",\"stacked\":false,\"title\":\"SNS (Payment): Messages \u0026 Failures\",\"view\":\"timeSeries\"},\"type\":\"metric\",\"width\":12,\"x\":0,\"y\":13},{\"height\":6,\"properties\":{\"metrics\":[[\"AWS/SQS\",\"ApproximateNumberOfMessagesVisible\",\"QueueName\",\"Order-update-raveen\",{\"label\":\"Order Update (Visible)\",\"stat\":\"Average\"}],[\".\",\"ApproximateNumberOfMessagesNotVisible\",\".\",\".\",{\"color\":\"#ff7f0e\",\"label\":\"Order Update (Not Visible)\",\"stat\":\"Average\"}],[\"AWS/SQS\",\"ApproximateNumberOfMessagesVisible\",\"QueueName\",\"inventory-queue-raveen\",{\"label\":\"Inventory (Visible)\",\"stat\":\"Average\"}],[\".\",\"ApproximateNumberOfMessagesNotVisible\",\".\",\".\",{\"color\":\"#d13212\",\"label\":\"Inventory (Not Visible)\",\"stat\":\"Average\"}]],\"region\":\"ap-southeast-1\",\"stacked\":false,\"title\":\"SQS: Queue Visibility\",\"view\":\"timeSeries\"},\"type\":\"metric\",\"width\":12,\"x\":12,\"y\":13},{\"height\":6,\"properties\":{\"metrics\":[[\"AWS/Lambda\",\"Invocations\",\"FunctionName\",\"raveen-product_service\",{\"stat\":\"Sum\"}],[\".\",\"Errors\",\".\",\".\",{\"color\":\"#d13212\",\"stat\":\"Sum\"}],[\".\",\"Throttles\",\".\",\".\",{\"color\":\"#ff7f0e\",\"stat\":\"Sum\"}]],\"region\":\"ap-southeast-1\",\"stacked\":false,\"title\":\"Lambda: Product Service (Traffic \u0026 Errors)\",\"view\":\"timeSeries\"},\"type\":\"metric\",\"width\":12,\"x\":0,\"y\":19},{\"height\":6,\"properties\":{\"metrics\":[[\"AWS/Lambda\",\"Duration\",\"FunctionName\",\"raveen-product_service\",{\"stat\":\"Average\"}]],\"region\":\"ap-southeast-1\",\"stacked\":false,\"title\":\"Lambda: Product Service (Duration)\",\"view\":\"timeSeries\"},\"type\":\"metric\",\"width\":12,\"x\":12,\"y\":19},{\"height\":6,\"properties\":{\"metrics\":[[\"AWS/Lambda\",\"Invocations\",\"FunctionName\",\"raveen-order_service\",{\"stat\":\"Sum\"}],[\".\",\"Errors\",\".\",\".\",{\"color\":\"#d13212\",\"stat\":\"Sum\"}],[\".\",\"Throttles\",\".\",\".\",{\"color\":\"#ff7f0e\",\"stat\":\"Sum\"}]],\"region\":\"ap-southeast-1\",\"stacked\":false,\"title\":\"Lambda: Order Service (Traffic \u0026 Errors)\",\"view\":\"timeSeries\"},\"type\":\"metric\",\"width\":12,\"x\":0,\"y\":25},{\"height\":6,\"properties\":{\"metrics\":[[\"AWS/Lambda\",\"Duration\",\"FunctionName\",\"raveen-order_service\",{\"stat\":\"Average\"}]],\"region\":\"ap-southeast-1\",\"stacked\":false,\"title\":\"Lambda: Order Service (Duration)\",\"view\":\"timeSeries\"},\"type\":\"metric\",\"width\":12,\"x\":12,\"y\":25},{\"height\":6,\"properties\":{\"metrics\":[[\"AWS/Lambda\",\"Invocations\",\"FunctionName\",\"raveen-payment_service\",{\"stat\":\"Sum\"}],[\".\",\"Errors\",\".\",\".\",{\"color\":\"#d13212\",\"stat\":\"Sum\"}],[\".\",\"Throttles\",\".\",\".\",{\"color\":\"#ff7f0e\",\"stat\":\"Sum\"}]],\"region\":\"ap-southeast-1\",\"stacked\":false,\"title\":\"Lambda: Payment Service (Traffic \u0026 Errors)\",\"view\":\"timeSeries\"},\"type\":\"metric\",\"width\":12,\"x\":0,\"y\":31},{\"height\":6,\"properties\":{\"metrics\":[[\"AWS/Lambda\",\"Duration\",\"FunctionName\",\"raveen-payment_service\",{\"stat\":\"Average\"}]],\"region\":\"ap-southeast-1\",\"stacked\":false,\"title\":\"Lambda: Payment Service (Duration)\",\"view\":\"timeSeries\"},\"type\":\"metric\",\"width\":12,\"x\":12,\"y\":31},{\"height\":6,\"properties\":{\"metrics\":[[\"AWS/Lambda\",\"Invocations\",\"FunctionName\",\"raveen-cart_service\",{\"stat\":\"Sum\"}],[\".\",\"Errors\",\".\",\".\",{\"color\":\"#d13212\",\"stat\":\"Sum\"}],[\".\",\"Throttles\",\".\",\".\",{\"color\":\"#ff7f0e\",\"stat\":\"Sum\"}]],\"region\":\"ap-southeast-1\",\"stacked\":false,\"title\":\"Lambda: Cart Service (Traffic \u0026 Errors)\",\"view\":\"timeSeries\"},\"type\":\"metric\",\"width\":12,\"x\":0,\"y\":37},{\"height\":6,\"properties\":{\"metrics\":[[\"AWS/Lambda\",\"Duration\",\"FunctionName\",\"raveen-cart_service\",{\"stat\":\"Average\"}]],\"region\":\"ap-southeast-1\",\"stacked\":false,\"title\":\"Lambda: Cart Service (Duration)\",\"view\":\"timeSeries\"},\"type\":\"metric\",\"width\":12,\"x\":12,\"y\":37},{\"height\":6,\"properties\":{\"metrics\":[[\"AWS/Lambda\",\"Invocations\",\"FunctionName\",\"Inventory_consumer-raveen\",{\"stat\":\"Sum\"}],[\".\",\"Errors\",\".\",\".\",{\"color\":\"#d13212\",\"stat\":\"Sum\"}],[\".\",\"Throttles\",\".\",\".\",{\"color\":\"#ff7f0e\",\"stat\":\"Sum\"}]],\"region\":\"ap-southeast-1\",\"stacked\":false,\"title\":\"Lambda: Inventory Service (Traffic \u0026 Errors)\",\"view\":\"timeSeries\"},\"type\":\"metric\",\"width\":12,\"x\":0,\"y\":43},{\"height\":6,\"properties\":{\"metrics\":[[\"AWS/Lambda\",\"Duration\",\"FunctionName\",\"Inventory_consumer-raveen\",{\"stat\":\"Average\"}]],\"region\":\"ap-southeast-1\",\"stacked\":false,\"title\":\"Lambda: Inventory Service (Duration)\",\"view\":\"timeSeries\"},\"type\":\"metric\",\"width\":12,\"x\":12,\"y\":43},{\"height\":6,\"properties\":{\"metrics\":[[\"AWS/Lambda\",\"Invocations\",\"FunctionName\",\"email-consumer-raveen\",{\"stat\":\"Sum\"}],[\".\",\"Errors\",\".\",\".\",{\"color\":\"#d13212\",\"stat\":\"Sum\"}],[\".\",\"Throttles\",\".\",\".\",{\"color\":\"#ff7f0e\",\"stat\":\"Sum\"}]],\"region\":\"ap-southeast-1\",\"stacked\":false,\"title\":\"Lambda: Notification Service (Traffic \u0026 Errors)\",\"view\":\"timeSeries\"},\"type\":\"metric\",\"width\":12,\"x\":0,\"y\":49},{\"height\":6,\"properties\":{\"metrics\":[[\"AWS/Lambda\",\"Duration\",\"FunctionName\",\"email-consumer-raveen\",{\"stat\":\"Average\"}]],\"region\":\"ap-southeast-1\",\"stacked\":false,\"title\":\"Lambda: Notification Service (Duration)\",\"view\":\"timeSeries\"},\"type\":\"metric\",\"width\":12,\"x\":12,\"y\":49}]}",
            "dashboard_name": "Raveen-cloudwatch-dashboard",
            "id": "Raveen-cloudwatch-dashboard"
          },
          "sensitive_attributes": [],
          "identity_schema_version": 0,
          "private": "bnVsbA=="
        }
      ]
    },
    {
      "mode": "managed",
      "type": "aws_cloudwatch_metric_alarm",
      "name": "api_gateway_5xx",
      "provider": "provider[\"registry.terraform.io/hashicorp/aws\"]",
      "instances": [
        {
          "schema_version": 1,
          "attributes": {
            "actions_enabled": true,
            "alarm_actions": [
              "arn:aws:sns:ap-southeast-1:726101441380:lumina-cloudwatch-alerts"
            ],
            "alarm_description": "Detect backend/API failures.",
            "alarm_name": "Lumina-api-gateway-5xx",
            "arn": "arn:aws:cloudwatch:ap-southeast-1:726101441380:alarm:Lumina-api-gateway-5xx",
            "comparison_operator": "GreaterThanThreshold",
            "datapoints_to_alarm": 0,
            "dimensions": {
              "ApiName": "raveen-api-gateway"
            },
            "evaluate_low_sample_count_percentiles": "",
            "evaluation_periods": 2,
            "extended_statistic": "",
            "id": "Lumina-api-gateway-5xx",
            "insufficient_data_actions": [],
            "metric_name": "5XXError",
            "metric_query": [],
            "namespace": "AWS/ApiGateway",
            "ok_actions": [],
            "period": 60,
            "statistic": "Sum",
            "tags": {},
            "tags_all": {},
            "threshold": 2,
            "threshold_metric_id": "",
            "treat_missing_data": "notBreaching",
            "unit": ""
          },
          "sensitive_attributes": [],
          "identity_schema_version": 0,
          "private": "eyJzY2hlbWFfdmVyc2lvbiI6IjEifQ==",
          "dependencies": [
            "data.aws_sns_topic.cloudwatch_alerts"
          ]
        }
      ]
    },
    {
      "mode": "managed",
      "type": "aws_cloudwatch_metric_alarm",
      "name": "api_gateway_latency",
      "provider": "provider[\"registry.terraform.io/hashicorp/aws\"]",
      "instances": [
        {
          "schema_version": 1,
          "attributes": {
            "actions_enabled": true,
            "alarm_actions": [
              "arn:aws:sns:ap-southeast-1:726101441380:lumina-cloudwatch-alerts"
            ],
            "alarm_description": "Detect slow API responses.",
            "alarm_name": "Lumina-api-gateway-latency",
            "arn": "arn:aws:cloudwatch:ap-southeast-1:726101441380:alarm:Lumina-api-gateway-latency",
            "comparison_operator": "GreaterThanThreshold",
            "datapoints_to_alarm": 0,
            "dimensions": {
              "ApiName": "raveen-api-gateway"
            },
            "evaluate_low_sample_count_percentiles": "",
            "evaluation_periods": 3,
            "extended_statistic": "",
            "id": "Lumina-api-gateway-latency",
            "insufficient_data_actions": [],
            "metric_name": "Latency",
            "metric_query": [],
            "namespace": "AWS/ApiGateway",
            "ok_actions": [],
            "period": 60,
            "statistic": "Average",
            "tags": {},
            "tags_all": {},
            "threshold": 2000,
            "threshold_metric_id": "",
            "treat_missing_data": "notBreaching",
            "unit": ""
          },
          "sensitive_attributes": [],
          "identity_schema_version": 0,
          "private": "eyJzY2hlbWFfdmVyc2lvbiI6IjEifQ==",
          "dependencies": [
            "data.aws_sns_topic.cloudwatch_alerts"
          ]
        }
      ]
    },
    {
      "mode": "managed",
      "type": "aws_cloudwatch_metric_alarm",
      "name": "cart_abandonment_rate",
      "provider": "provider[\"registry.terraform.io/hashicorp/aws\"]",
      "instances": [
        {
          "schema_version": 1,
          "attributes": {
            "actions_enabled": true,
            "alarm_actions": [
              "arn:aws:sns:ap-southeast-1:726101441380:lumina-cloudwatch-alerts"
            ],
            "alarm_description": "Detect users abandoning the checkout process.",
            "alarm_name": "lumina-cart-abandonment-rate",
            "arn": "arn:aws:cloudwatch:ap-southeast-1:726101441380:alarm:lumina-cart-abandonment-rate",
            "comparison_operator": "GreaterThanThreshold",
            "datapoints_to_alarm": 0,
            "dimensions": {
              "FunctionName": "raveen-cart_service"
            },
            "evaluate_low_sample_count_percentiles": "",
            "evaluation_periods": 1,
            "extended_statistic": "",
            "id": "lumina-cart-abandonment-rate",
            "insufficient_data_actions": [],
            "metric_name": "CartAbandonmentRate",
            "metric_query": [],
            "namespace": "Lumina/BusinessMetrics",
            "ok_actions": [],
            "period": 60,
            "statistic": "Average",
            "tags": {},
            "tags_all": {},
            "threshold": 40,
            "threshold_metric_id": "",
            "treat_missing_data": "notBreaching",
            "unit": ""
          },
          "sensitive_attributes": [],
          "identity_schema_version": 0,
          "private": "eyJzY2hlbWFfdmVyc2lvbiI6IjEifQ==",
          "dependencies": [
            "data.aws_sns_topic.cloudwatch_alerts"
          ]
        }
      ]
    },
    {
      "mode": "managed",
      "type": "aws_cloudwatch_metric_alarm",
      "name": "checkout_success_rate",
      "provider": "provider[\"registry.terraform.io/hashicorp/aws\"]",
      "instances": [
        {
          "schema_version": 1,
          "attributes": {
            "actions_enabled": true,
            "alarm_actions": [
              "arn:aws:sns:ap-southeast-1:726101441380:lumina-cloudwatch-alerts"
            ],
            "alarm_description": "Detect abnormal checkout/payment failures.",
            "alarm_name": "lumina-checkout-success-rate",
            "arn": "arn:aws:cloudwatch:ap-southeast-1:726101441380:alarm:lumina-checkout-success-rate",
            "comparison_operator": "LessThanThreshold",
            "datapoints_to_alarm": 0,
            "dimensions": {
              "FunctionName": "raveen-cart_service"
            },
            "evaluate_low_sample_count_percentiles": "",
            "evaluation_periods": 1,
            "extended_statistic": "",
            "id": "lumina-checkout-success-rate",
            "insufficient_data_actions": [],
            "metric_name": "CheckoutSuccessRate",
            "metric_query": [],
            "namespace": "Lumina/BusinessMetrics",
            "ok_actions": [],
            "period": 60,
            "statistic": "Average",
            "tags": {},
            "tags_all": {},
            "threshold": 80,
            "threshold_metric_id": "",
            "treat_missing_data": "notBreaching",
            "unit": ""
          },
          "sensitive_attributes": [],
          "identity_schema_version": 0,
          "private": "eyJzY2hlbWFfdmVyc2lvbiI6IjEifQ==",
          "dependencies": [
            "data.aws_sns_topic.cloudwatch_alerts"
          ]
        }
      ]
    },
    {
      "mode": "managed",
      "type": "aws_cloudwatch_metric_alarm",
      "name": "order_lambda_errors",
      "provider": "provider[\"registry.terraform.io/hashicorp/aws\"]",
      "instances": [
        {
          "schema_version": 1,
          "attributes": {
            "actions_enabled": true,
            "alarm_actions": [
              "arn:aws:sns:ap-southeast-1:726101441380:lumina-cloudwatch-alerts"
            ],
            "alarm_description": "Detect unhandled exceptions in the Order service.",
            "alarm_name": "Lumina-order-lambda-errors",
            "arn": "arn:aws:cloudwatch:ap-southeast-1:726101441380:alarm:Lumina-order-lambda-errors",
            "comparison_operator": "GreaterThanThreshold",
            "datapoints_to_alarm": 0,
            "dimensions": {
              "FunctionName": "raveen-order_service"
            },
            "evaluate_low_sample_count_percentiles": "",
            "evaluation_periods": 2,
            "extended_statistic": "",
            "id": "Lumina-order-lambda-errors",
            "insufficient_data_actions": [],
            "metric_name": "Errors",
            "metric_query": [],
            "namespace": "AWS/Lambda",
            "ok_actions": [],
            "period": 60,
            "statistic": "Sum",
            "tags": {},
            "tags_all": {},
            "threshold": 0,
            "threshold_metric_id": "",
            "treat_missing_data": "notBreaching",
            "unit": ""
          },
          "sensitive_attributes": [],
          "identity_schema_version": 0,
          "private": "eyJzY2hlbWFfdmVyc2lvbiI6IjEifQ==",
          "dependencies": [
            "data.aws_sns_topic.cloudwatch_alerts"
          ]
        }
      ]
    },
    {
      "mode": "managed",
      "type": "aws_cloudwatch_metric_alarm",
      "name": "revenue_generated",
      "provider": "provider[\"registry.terraform.io/hashicorp/aws\"]",
      "instances": [
        {
          "schema_version": 1,
          "attributes": {
            "actions_enabled": true,
            "alarm_actions": [
              "arn:aws:sns:ap-southeast-1:726101441380:lumina-cloudwatch-alerts"
            ],
            "alarm_description": "Demonstrate business KPI monitoring (adjust threshold as needed for demos)",
            "alarm_name": "lumina-revenue-kpi",
            "arn": "arn:aws:cloudwatch:ap-southeast-1:726101441380:alarm:lumina-revenue-kpi",
            "comparison_operator": "LessThanThreshold",
            "datapoints_to_alarm": 0,
            "dimensions": {
              "FunctionName": "raveen-order_service"
            },
            "evaluate_low_sample_count_percentiles": "",
            "evaluation_periods": 1,
            "extended_statistic": "",
            "id": "lumina-revenue-kpi",
            "insufficient_data_actions": [],
            "metric_name": "Revenue",
            "metric_query": [],
            "namespace": "Lumina/BusinessMetrics",
            "ok_actions": [],
            "period": 60,
            "statistic": "Sum",
            "tags": {},
            "tags_all": {},
            "threshold": 500,
            "threshold_metric_id": "",
            "treat_missing_data": "notBreaching",
            "unit": ""
          },
          "sensitive_attributes": [],
          "identity_schema_version": 0,
          "private": "eyJzY2hlbWFfdmVyc2lvbiI6IjEifQ==",
          "dependencies": [
            "data.aws_sns_topic.cloudwatch_alerts"
          ]
        }
      ]
    },
    {
      "mode": "managed",
      "type": "aws_sns_topic_subscription",
      "name": "email_subscription",
      "provider": "provider[\"registry.terraform.io/hashicorp/aws\"]",
      "instances": [
        {
          "schema_version": 0,
          "attributes": {
            "arn": "arn:aws:sns:ap-southeast-1:726101441380:lumina-cloudwatch-alerts:f1a385aa-48bc-4e05-8139-86437f5d759b",
            "confirmation_timeout_in_minutes": 1,
            "confirmation_was_authenticated": false,
            "delivery_policy": "",
            "endpoint": "raveenpbksr2@gmail.com",
            "endpoint_auto_confirms": false,
            "filter_policy": "",
            "filter_policy_scope": "",
            "id": "arn:aws:sns:ap-southeast-1:726101441380:lumina-cloudwatch-alerts:f1a385aa-48bc-4e05-8139-86437f5d759b",
            "owner_id": "726101441380",
            "pending_confirmation": false,
            "protocol": "email",
            "raw_message_delivery": false,
            "redrive_policy": "",
            "replay_policy": "",
            "subscription_role_arn": "",
            "topic_arn": "arn:aws:sns:ap-southeast-1:726101441380:lumina-cloudwatch-alerts"
          },
          "sensitive_attributes": [],
          "identity_schema_version": 0,
          "private": "bnVsbA==",
          "dependencies": [
            "data.aws_sns_topic.cloudwatch_alerts"
          ]
        }
      ]
    }
  ],
  "check_results": null
}
